
Microsoft Visual Studio Solution File, Format Version 12.00
# Visual Studio 15
VisualStudioVersion = 15.0.28307.329
MinimumVisualStudioVersion = 10.0.40219.1
Project("{FAE04EC0-301F-11D3-BF4B-00C04F79EFBC}") = "VelibGatewayWebService", "VelibGatewayWebService.csproj", "{40E57F35-F149-4A3E-ACD7-8F1387C91778}"
EndProject
Global
	GlobalSection(SolutionConfigurationPlatforms) = preSolution
		Debug|Any CPU = Debug|Any CPU
		Release|Any CPU = Release|Any CPU
	EndGlobalSection
	GlobalSection(ProjectConfigurationPlatforms) = postSolution
		{40E57F35-F149-4A3E-ACD7-8F1387C91778}.Debug|Any CPU.ActiveCfg = Debug|Any CPU
		{40E57F35-F149-4A3E-ACD7-8F1387C91778}.Debug|Any CPU.Build.0 = Debug|Any CPU
		{40E57F35-F149-4A3E-ACD7-8F1387C91778}.Release|Any CPU.ActiveCfg = Release|Any CPU
		{40E57F35-F149-4A3E-ACD7-8F1387C91778}.Release|Any CPU.Build.0 = Release|Any CPU
	EndGlobalSection
	GlobalSection(SolutionProperties) = preSolution
		HideSolutionNode = FALSE
	EndGlobalSection
	GlobalSection(ExtensibilityGlobals) = postSolution
		SolutionGuid = {0D93DC98-97D4-4E8E-98C6-EB46D834B71D}
	EndGlobalSection
EndGlobal
